// !$*UTF8*$!
{
	archiveVersion = 1;
	classes = {
	};
	objectVersion = 50;
	objects = {

/* Begin PBXBuildFile section */
		03085A0E2439E4560072783F /* AppDelegate.m in Sources */ = {isa = PBXBuildFile; fileRef = 03085A0D2439E4560072783F /* AppDelegate.m */; };
		03085A112439E4560072783F /* SceneDelegate.m in Sources */ = {isa = PBXBuildFile; fileRef = 03085A102439E4560072783F /* SceneDelegate.m */; };
		03085A142439E4560072783F /* ViewController.m in Sources */ = {isa = PBXBuildFile; fileRef = 03085A132439E4560072783F /* ViewController.m */; };
		03085A172439E4560072783F /* Main.storyboard in Resources */ = {isa = PBXBuildFile; fileRef = 03085A152439E4560072783F /* Main.storyboard */; };
		03085A192439E4570072783F /* Assets.xcassets in Resources */ = {isa = PBXBuildFile; fileRef = 03085A182439E4570072783F /* Assets.xcassets */; };
		03085A1C2439E4570072783F /* LaunchScreen.storyboard in Resources */ = {isa = PBXBuildFile; fileRef = 03085A1A2439E4570072783F /* LaunchScreen.storyboard */; };
		03085A1F2439E4570072783F /* main.m in Sources */ = {isa = PBXBuildFile; fileRef = 03085A1E2439E4570072783F /* main.m */; };
		03085A282439E48B0072783F /* Phone.m in Sources */ = {isa = PBXBuildFile; fileRef = 03085A272439E48B0072783F /* Phone.m */; };
		03085A2C2439E5160072783F /* HuaWeiBuilder.m in Sources */ = {isa = PBXBuildFile; fileRef = 03085A2B2439E5160072783F /* HuaWeiBuilder.m */; };
		03085A2F2439E6390072783F /* IphoneBuilder.m in Sources */ = {isa = PBXBuildFile; fileRef = 03085A2E2439E6390072783F /* IphoneBuilder.m */; };
		03085A322439E69A0072783F /* PhoneDirector.m in Sources */ = {isa = PBXBuildFile; fileRef = 03085A312439E69A0072783F /* PhoneDirector.m */; };
/* End PBXBuildFile section */

/* Begin PBXFileReference section */
		03085A092439E4560072783F /* BuilderPattern.app */ = {isa = PBXFileReference; explicitFileType = wrapper.application; includeInIndex = 0; path = BuilderPattern.app; sourceTree = BUILT_PRODUCTS_DIR; };
		03085A0C2439E4560072783F /* AppDelegate.h */ = {isa = PBXFileReference; lastKnownFileType = sourcecode.c.h; path = AppDelegate.h; sourceTree = "<group>"; };
		03085A0D2439E4560072783F /* AppDelegate.m */ = {isa = PBXFileReference; lastKnownFileType = sourcecode.c.objc; path = AppDelegate.m; sourceTree = "<group>"; };
		03085A0F2439E4560072783F /* SceneDelegate.h */ = {isa = PBXFileReference; lastKnownFileType = sourcecode.c.h; path = SceneDelegate.h; sourceTree = "<group>"; };
		03085A102439E4560072783F /* SceneDelegate.m */ = {isa = PBXFileReference; lastKnownFileType = sourcecode.c.objc; path = SceneDelegate.m; sourceTree = "<group>"; };
		03085A122439E4560072783F /* ViewController.h */ = {isa = PBXFileReference; lastKnownFileType = sourcecode.c.h; path = ViewController.h; sourceTree = "<group>"; };
		03085A132439E4560072783F /* ViewController.m */ = {isa = PBXFileReference; lastKnownFileType = sourcecode.c.objc; path = ViewController.m; sourceTree = "<group>"; };
		03085A162439E4560072783F /* Base */ = {isa = PBXFileReference; lastKnownFileType = file.storyboard; name = Base; path = Base.lproj/Main.storyboard; sourceTree = "<group>"; };
		03085A182439E4570072783F /* Assets.xcassets */ = {isa = PBXFileReference; lastKnownFileType = folder.assetcatalog; path = Assets.xcassets; sourceTree = "<group>"; };
		03085A1B2439E4570072783F /* Base */ = {isa = PBXFileReference; lastKnownFileType = file.storyboard; name = Base; path = Base.lproj/LaunchScreen.storyboard; sourceTree = "<group>"; };
		03085A1D2439E4570072783F /* Info.plist */ = {isa = PBXFileReference; lastKnownFileType = text.plist.xml; path = Info.plist; sourceTree = "<group>"; };
		03085A1E2439E4570072783F /* main.m */ = {isa = PBXFileReference; lastKnownFileType = sourcecode.c.objc; path = main.m; sourceTree = "<group>"; };
		03085A262439E48B0072783F /* Phone.h */ = {isa = PBXFileReference; lastKnownFileType = sourcecode.c.h; path = Phone.h; sourceTree = "<group>"; };
		03085A272439E48B0072783F /* Phone.m */ = {isa = PBXFileReference; lastKnownFileType = sourcecode.c.objc; path = Phone.m; sourceTree = "<group>"; };
		03085A292439E4B70072783F /* PhoneBuilder.h */ = {isa = PBXFileReference; lastKnownFileType = sourcecode.c.h; path = PhoneBuilder.h; sourceTree = "<group>"; };
		03085A2A2439E5160072783F /* HuaWeiBuilder.h */ = {isa = PBXFileReference; lastKnownFileType = sourcecode.c.h; path = HuaWeiBuilder.h; sourceTree = "<group>"; };
		03085A2B2439E5160072783F /* HuaWeiBuilder.m */ = {isa = PBXFileReference; lastKnownFileType = sourcecode.c.objc; path = HuaWeiBuilder.m; sourceTree = "<group>"; };
		03085A2D2439E6390072783F /* IphoneBuilder.h */ = {isa = PBXFileReference; lastKnownFileType = sourcecode.c.h; path = IphoneBuilder.h; sourceTree = "<group>"; };
		03085A2E2439E6390072783F /* IphoneBuilder.m */ = {isa = PBXFileReference; lastKnownFileType = sourcecode.c.objc; path = IphoneBuilder.m; sourceTree = "<group>"; };
		03085A302439E69A0072783F /* PhoneDirector.h */ = {isa = PBXFileReference; lastKnownFileType = sourcecode.c.h; path = PhoneDirector.h; sourceTree = "<group>"; };
		03085A312439E69A0072783F /* PhoneDirector.m */ = {isa = PBXFileReference; lastKnownFileType = sourcecode.c.objc; path = PhoneDirector.m; sourceTree = "<group>"; };
/* End PBXFileReference section */

/* Begin PBXFrameworksBuildPhase section */
		03085A062439E4560072783F /* Frameworks */ = {
			isa = PBXFrameworksBuildPhase;
			buildActionMask = 2147483647;
			files = (
			);
			runOnlyForDeploymentPostprocessing = 0;
		};
/* End PBXFrameworksBuildPhase section */

/* Begin PBXGroup section */
		03085A002439E4560072783F = {
			isa = PBXGroup;
			children = (
				03085A0B2439E4560072783F /* BuilderPattern */,
				03085A0A2439E4560072783F /* Products */,
			);
			sourceTree = "<group>";
		};
		03085A0A2439E4560072783F /* Products */ = {
			isa = PBXGroup;
			children = (
				03085A092439E4560072783F /* BuilderPattern.app */,
			);
			name = Products;
			sourceTree = "<group>";
		};
		03085A0B2439E4560072783F /* BuilderPattern */ = {
			isa = PBXGroup;
			children = (
				03085A252439E45F0072783F /* Classes */,
				03085A0C2439E4560072783F /* AppDelegate.h */,
				03085A0D2439E4560072783F /* AppDelegate.m */,
				03085A0F2439E4560072783F /* SceneDelegate.h */,
				03085A102439E4560072783F /* SceneDelegate.m */,
				03085A122439E4560072783F /* ViewController.h */,
				03085A132439E4560072783F /* ViewController.m */,
				03085A152439E4560072783F /* Main.storyboard */,
				03085A182439E4570072783F /* Assets.xcassets */,
				03085A1A2439E4570072783F /* LaunchScreen.storyboard */,
				03085A1D2439E4570072783F /* Info.plist */,
				03085A1E2439E4570072783F /* main.m */,
			);
			path = BuilderPattern;
			sourceTree = "<group>";
		};
		03085A252439E45F0072783F /* Classes */ = {
			isa = PBXGroup;
			children = (
				03085A292439E4B70072783F /* PhoneBuilder.h */,
				03085A262439E48B0072783F /* Phone.h */,
				03085A272439E48B0072783F /* Phone.m */,
				03085A2A2439E5160072783F /* HuaWeiBuilder.h */,
				03085A2B2439E5160072783F /* HuaWeiBuilder.m */,
				03085A2D2439E6390072783F /* IphoneBuilder.h */,
				03085A2E2439E6390072783F /* IphoneBuilder.m */,
				03085A302439E69A0072783F /* PhoneDirector.h */,
				03085A312439E69A0072783F /* PhoneDirector.m */,
			);
			path = Classes;
			sourceTree = "<group>";
		};
/* End PBXGroup section */

/* Begin PBXNativeTarget section */
		03085A082439E4560072783F /* BuilderPattern */ = {
			isa = PBXNativeTarget;
			buildConfigurationList = 03085A222439E4570072783F /* Build configuration list for PBXNativeTarget "BuilderPattern" */;
			buildPhases = (
				03085A052439E4560072783F /* Sources */,
				03085A062439E4560072783F /* Frameworks */,
				03085A072439E4560072783F /* Resources */,
			);
			buildRules = (
			);
			dependencies = (
			);
			name = BuilderPattern;
			productName = BuilderPattern;
			productReference = 03085A092439E4560072783F /* BuilderPattern.app */;
			productType = "com.apple.product-type.application";
		};
/* End PBXNativeTarget section */

/* Begin PBXProject section */
		03085A012439E4560072783F /* Project object */ = {
			isa = PBXProject;
			attributes = {
				LastUpgradeCheck = 1110;
				ORGANIZATIONNAME = songShaoPeng;
				TargetAttributes = {
					03085A082439E4560072783F = {
						CreatedOnToolsVersion = 11.1;
					};
				};
			};
			buildConfigurationList = 03085A042439E4560072783F /* Build configuration list for PBXProject "BuilderPattern" */;
			compatibilityVersion = "Xcode 9.3";
			developmentRegion = en;
			hasScannedForEncodings = 0;
			knownRegions = (
				en,
				Base,
			);
			mainGroup = 03085A002439E4560072783F;
			productRefGroup = 03085A0A2439E4560072783F /* Products */;
			projectDirPath = "";
			projectRoot = "";
			targets = (
				03085A082439E4560072783F /* BuilderPattern */,
			);
		};
/* End PBXProject section */

/* Begin PBXResourcesBuildPhase section */
		03085A072439E4560072783F /* Resources */ = {
			isa = PBXResourcesBuildPhase;
			buildActionMask = 2147483647;
			files = (
				03085A1C2439E4570072783F /* LaunchScreen.storyboard in Resources */,
				03085A192439E4570072783F /* Assets.xcassets in Resources */,
				03085A172439E4560072783F /* Main.storyboard in Resources */,
			);
			runOnlyForDeploymentPostprocessing = 0;
		};
/* End PBXResourcesBuildPhase section */

/* Begin PBXSourcesBuildPhase section */
		03085A052439E4560072783F /* Sources */ = {
			isa = PBXSourcesBuildPhase;
			buildActionMask = 2147483647;
			files = (
				03085A322439E69A0072783F /* PhoneDirector.m in Sources */,
				03085A2C2439E5160072783F /* HuaWeiBuilder.m in Sources */,
				03085A142439E4560072783F /* ViewController.m in Sources */,
				03085A282439E48B0072783F /* Phone.m in Sources */,
				03085A0E2439E4560072783F /* AppDelegate.m in Sources */,
				03085A1F2439E4570072783F /* main.m in Sources */,
				03085A112439E4560072783F /* SceneDelegate.m in Sources */,
				03085A2F2439E6390072783F /* IphoneBuilder.m in Sources */,
			);
			runOnlyForDeploymentPostprocessing = 0;
		};
/* End PBXSourcesBuildPhase section */

/* Begin PBXVariantGroup section */
		03085A152439E4560072783F /* Main.storyboard */ = {
			isa = PBXVariantGroup;
			children = (
				03085A162439E4560072783F /* Base */,
			);
			name = Main.storyboard;
			sourceTree = "<group>";
		};
		03085A1A2439E4570072783F /* LaunchScreen.storyboard */ = {
			isa = PBXVariantGroup;
			children = (
				03085A1B2439E4570072783F /* Base */,
			);
			name = LaunchScreen.storyboard;
			sourceTree = "<group>";
		};
/* End PBXVariantGroup section */

/* Begin XCBuildConfiguration section */
		03085A202439E4570072783F /* Debug */ = {
			isa = XCBuildConfiguration;
			buildSettings = {
				ALWAYS_SEARCH_USER_PATHS = NO;
				CLANG_ANALYZER_NONNULL = YES;
				CLANG_ANALYZER_NUMBER_OBJECT_CONVERSION = YES_AGGRESSIVE;
				CLANG_CXX_LANGUAGE_STANDARD = "gnu++14";
				CLANG_CXX_LIBRARY = "libc++";
				CLANG_ENABLE_MODULES = YES;
				CLANG_ENABLE_OBJC_ARC = YES;
				CLANG_ENABLE_OBJC_WEAK = YES;
				CLANG_WARN_BLOCK_CAPTURE_AUTORELEASING = YES;
				CLANG_WARN_BOOL_CONVERSION = YES;
				CLANG_WARN_COMMA = YES;
				CLANG_WARN_CONSTANT_CONVERSION = YES;
				CLANG_WARN_DEPRECATED_OBJC_IMPLEMENTATIONS = YES;
				CLANG_WARN_DIRECT_OBJC_ISA_USAGE = YES_ERROR;
				CLANG_WARN_DOCUMENTATION_COMMENTS = YES;
				CLANG_WARN_EMPTY_BODY = YES;
				CLANG_WARN_ENUM_CONVERSION = YES;
				CLANG_WARN_INFINITE_RECURSION = YES;
				CLANG_WARN_INT_CONVERSION = YES;
				CLANG_WARN_NON_LITERAL_NULL_CONVERSION = YES;
				CLANG_WARN_OBJC_IMPLICIT_RETAIN_SELF = YES;
				CLANG_WARN_OBJC_LITERAL_CONVERSION = YES;
				CLANG_WARN_OBJC_ROOT_CLASS = YES_ERROR;
				CLANG_WARN_RANGE_LOOP_ANALYSIS = YES;
				CLANG_WARN_STRICT_PROTOTYPES = YES;
				CLANG_WARN_SUSPICIOUS_MOVE = YES;
				CLANG_WARN_UNGUARDED_AVAILABILITY = YES_AGGRESSIVE;
				CLANG_WARN_UNREACHABLE_CODE = YES;
				CLANG_WARN__DUPLICATE_METHOD_MATCH = YES;
				COPY_PHASE_STRIP = NO;
				DEBUG_INFORMATION_FORMAT = dwarf;
				ENABLE_STRICT_OBJC_MSGSEND = YES;
				ENABLE_TESTABILITY = YES;
				GCC_C_LANGUAGE_STANDARD = gnu11;
				GCC_DYNAMIC_NO_PIC = NO;
				GCC_NO_COMMON_BLOCKS = YES;
				GCC_OPTIMIZATION_LEVEL = 0;
				GCC_PREPROCESSOR_DEFINITIONS = (
					"DEBUG=1",
					"$(inherited)",
				);
				GCC_WARN_64_TO_32_BIT_CONVERSION = YES;
				GCC_WARN_ABOUT_RETURN_TYPE = YES_ERROR;
				GCC_WARN_UNDECLARED_SELECTOR = YES;
				GCC_WARN_UNINITIALIZED_AUTOS = YES_AGGRESSIVE;
				GCC_WARN_UNUSED_FUNCTION = YES;
				GCC_WARN_UNUSED_VARIABLE = YES;
				IPHONEOS_DEPLOYMENT_TARGET = 13.1;
				MTL_ENABLE_DEBUG_INFO = INCLUDE_SOURCE;
				MTL_FAST_MATH = YES;
				ONLY_ACTIVE_ARCH = YES;
				SDKROOT = iphoneos;
			};
			name = Debug;
		};
		03085A212439E4570072783F /* Release */ = {
			isa = XCBuildConfiguration;
			buildSettings = {
				ALWAYS_SEARCH_USER_PATHS = NO;
				CLANG_ANALYZER_NONNULL = YES;
				CLANG_ANALYZER_NUMBER_OBJECT_CONVERSION = YES_AGGRESSIVE;
				CLANG_CXX_LANGUAGE_STANDARD = "gnu++14";
				CLANG_CXX_LIBRARY = "libc++";
				CLANG_ENABLE_MODULES = YES;
				CLANG_ENABLE_OBJC_ARC = YES;
				CLANG_ENABLE_OBJC_WEAK = YES;
				CLANG_WARN_BLOCK_CAPTURE_AUTORELEASING = YES;
				CLANG_WARN_BOOL_CONVERSION = YES;
				CLANG_WARN_COMMA = YES;
				CLANG_WARN_CONSTANT_CONVERSION = YES;
				CLANG_WARN_DEPRECATED_OBJC_IMPLEMENTATIONS = YES;
				CLANG_WARN_DIRECT_OBJC_ISA_USAGE = YES_ERROR;
				CLANG_WARN_DOCUMENTATION_COMMENTS = YES;
				CLANG_WARN_EMPTY_BODY = YES;
				CLANG_WARN_ENUM_CONVERSION = YES;
				CLANG_WARN_INFINITE_RECURSION = YES;
				CLANG_WARN_INT_CONVERSION = YES;
				CLANG_WARN_NON_LITERAL_NULL_CONVERSION = YES;
				CLANG_WARN_OBJC_IMPLICIT_RETAIN_SELF = YES;
				CLANG_WARN_OBJC_LITERAL_CONVERSION = YES;
				CLANG_WARN_OBJC_ROOT_CLASS = YES_ERROR;
				CLANG_WARN_RANGE_LOOP_ANALYSIS = YES;
				CLANG_WARN_STRICT_PROTOTYPES = YES;
				CLANG_WARN_SUSPICIOUS_MOVE = YES;
				CLANG_WARN_UNGUARDED_AVAILABILITY = YES_AGGRESSIVE;
				CLANG_WARN_UNREACHABLE_CODE = YES;
				CLANG_WARN__DUPLICATE_METHOD_MATCH = YES;
				COPY_PHASE_STRIP = NO;
				DEBUG_INFORMATION_FORMAT = "dwarf-with-dsym";
				ENABLE_NS_ASSERTIONS = NO;
				ENABLE_STRICT_OBJC_MSGSEND = YES;
				GCC_C_LANGUAGE_STANDARD = gnu11;
				GCC_NO_COMMON_BLOCKS = YES;
				GCC_WARN_64_TO_32_BIT_CONVERSION = YES;
				GCC_WARN_ABOUT_RETURN_TYPE = YES_ERROR;
				GCC_WARN_UNDECLARED_SELECTOR = YES;
				GCC_WARN_UNINITIALIZED_AUTOS = YES_AGGRESSIVE;
				GCC_WARN_UNUSED_FUNCTION = YES;
				GCC_WARN_UNUSED_VARIABLE = YES;
				IPHONEOS_DEPLOYMENT_TARGET = 13.1;
				MTL_ENABLE_DEBUG_INFO = NO;
				MTL_FAST_MATH = YES;
				SDKROOT = iphoneos;
				VALIDATE_PRODUCT = YES;
			};
			name = Release;
		};
		03085A232439E4570072783F /* Debug */ = {
			isa = XCBuildConfiguration;
			buildSettings = {
				ASSETCATALOG_COMPILER_APPICON_NAME = AppIcon;
				CODE_SIGN_STYLE = Automatic;
				INFOPLIST_FILE = BuilderPattern/Info.plist;
				LD_RUNPATH_SEARCH_PATHS = (
					"$(inherited)",
					"@executable_path/Frameworks",
				);
				PRODUCT_BUNDLE_IDENTIFIER = song.BuilderPattern;
				PRODUCT_NAME = "$(TARGET_NAME)";
				TARGETED_DEVICE_FAMILY = "1,2";
			};
			name = Debug;
		};
		03085A242439E4570072783F /* Release */ = {
			isa = XCBuildConfiguration;
			buildSettings = {
				ASSETCATALOG_COMPILER_APPICON_NAME = AppIcon;
				CODE_SIGN_STYLE = Automatic;
				INFOPLIST_FILE = BuilderPattern/Info.plist;
				LD_RUNPATH_SEARCH_PATHS = (
					"$(inherited)",
					"@executable_path/Frameworks",
				);
				PRODUCT_BUNDLE_IDENTIFIER = song.BuilderPattern;
				PRODUCT_NAME = "$(TARGET_NAME)";
				TARGETED_DEVICE_FAMILY = "1,2";
			};
			name = Release;
		};
/* End XCBuildConfiguration section */

/* Begin XCConfigurationList section */
		03085A042439E4560072783F /* Build configuration list for PBXProject "BuilderPattern" */ = {
			isa = XCConfigurationList;
			buildConfigurations = (
				03085A202439E4570072783F /* Debug */,
				03085A212439E4570072783F /* Release */,
			);
			defaultConfigurationIsVisible = 0;
			defaultConfigurationName = Release;
		};
		03085A222439E4570072783F /* Build configuration list for PBXNativeTarget "BuilderPattern" */ = {
			isa = XCConfigurationList;
			buildConfigurations = (
				03085A232439E4570072783F /* Debug */,
				03085A242439E4570072783F /* Release */,
			);
			defaultConfigurationIsVisible = 0;
			defaultConfigurationName = Release;
		};
/* End XCConfigurationList section */
	};
	rootObject = 03085A012439E4560072783F /* Project object */;
}
