// !$*UTF8*$!
{
	archiveVersion = 1;
	classes = {
	};
	objectVersion = 50;
	objects = {

/* Begin PBXBuildFile section */
		03085BBE243B04450072783F /* AppDelegate.m in Sources */ = {isa = PBXBuildFile; fileRef = 03085BBD243B04450072783F /* AppDelegate.m */; };
		03085BC1243B04450072783F /* SceneDelegate.m in Sources */ = {isa = PBXBuildFile; fileRef = 03085BC0243B04450072783F /* SceneDelegate.m */; };
		03085BC4243B04450072783F /* ViewController.m in Sources */ = {isa = PBXBuildFile; fileRef = 03085BC3243B04450072783F /* ViewController.m */; };
		03085BC7243B04450072783F /* Main.storyboard in Resources */ = {isa = PBXBuildFile; fileRef = 03085BC5243B04450072783F /* Main.storyboard */; };
		03085BC9243B04460072783F /* Assets.xcassets in Resources */ = {isa = PBXBuildFile; fileRef = 03085BC8243B04460072783F /* Assets.xcassets */; };
		03085BCC243B04460072783F /* LaunchScreen.storyboard in Resources */ = {isa = PBXBuildFile; fileRef = 03085BCA243B04460072783F /* LaunchScreen.storyboard */; };
		03085BCF243B04460072783F /* main.m in Sources */ = {isa = PBXBuildFile; fileRef = 03085BCE243B04460072783F /* main.m */; };
		03085BD8243B04890072783F /* PurchaseRequest.m in Sources */ = {isa = PBXBuildFile; fileRef = 03085BD7243B04890072783F /* PurchaseRequest.m */; };
		03085BDB243B04B90072783F /* Leader.m in Sources */ = {isa = PBXBuildFile; fileRef = 03085BDA243B04B90072783F /* Leader.m */; };
		03085BDE243B050C0072783F /* TeamLeader.m in Sources */ = {isa = PBXBuildFile; fileRef = 03085BDD243B050C0072783F /* TeamLeader.m */; };
		03085BE1243B05250072783F /* DeparmentManager.m in Sources */ = {isa = PBXBuildFile; fileRef = 03085BE0243B05250072783F /* DeparmentManager.m */; };
		03085BE4243B053A0072783F /* CTO.m in Sources */ = {isa = PBXBuildFile; fileRef = 03085BE3243B053A0072783F /* CTO.m */; };
/* End PBXBuildFile section */

/* Begin PBXFileReference section */
		03085BB9243B04450072783F /* ChainOfResponsibilityPattern.app */ = {isa = PBXFileReference; explicitFileType = wrapper.application; includeInIndex = 0; path = ChainOfResponsibilityPattern.app; sourceTree = BUILT_PRODUCTS_DIR; };
		03085BBC243B04450072783F /* AppDelegate.h */ = {isa = PBXFileReference; lastKnownFileType = sourcecode.c.h; path = AppDelegate.h; sourceTree = "<group>"; };
		03085BBD243B04450072783F /* AppDelegate.m */ = {isa = PBXFileReference; lastKnownFileType = sourcecode.c.objc; path = AppDelegate.m; sourceTree = "<group>"; };
		03085BBF243B04450072783F /* SceneDelegate.h */ = {isa = PBXFileReference; lastKnownFileType = sourcecode.c.h; path = SceneDelegate.h; sourceTree = "<group>"; };
		03085BC0243B04450072783F /* SceneDelegate.m */ = {isa = PBXFileReference; lastKnownFileType = sourcecode.c.objc; path = SceneDelegate.m; sourceTree = "<group>"; };
		03085BC2243B04450072783F /* ViewController.h */ = {isa = PBXFileReference; lastKnownFileType = sourcecode.c.h; path = ViewController.h; sourceTree = "<group>"; };
		03085BC3243B04450072783F /* ViewController.m */ = {isa = PBXFileReference; lastKnownFileType = sourcecode.c.objc; path = ViewController.m; sourceTree = "<group>"; };
		03085BC6243B04450072783F /* Base */ = {isa = PBXFileReference; lastKnownFileType = file.storyboard; name = Base; path = Base.lproj/Main.storyboard; sourceTree = "<group>"; };
		03085BC8243B04460072783F /* Assets.xcassets */ = {isa = PBXFileReference; lastKnownFileType = folder.assetcatalog; path = Assets.xcassets; sourceTree = "<group>"; };
		03085BCB243B04460072783F /* Base */ = {isa = PBXFileReference; lastKnownFileType = file.storyboard; name = Base; path = Base.lproj/LaunchScreen.storyboard; sourceTree = "<group>"; };
		03085BCD243B04460072783F /* Info.plist */ = {isa = PBXFileReference; lastKnownFileType = text.plist.xml; path = Info.plist; sourceTree = "<group>"; };
		03085BCE243B04460072783F /* main.m */ = {isa = PBXFileReference; lastKnownFileType = sourcecode.c.objc; path = main.m; sourceTree = "<group>"; };
		03085BD6243B04890072783F /* PurchaseRequest.h */ = {isa = PBXFileReference; lastKnownFileType = sourcecode.c.h; path = PurchaseRequest.h; sourceTree = "<group>"; };
		03085BD7243B04890072783F /* PurchaseRequest.m */ = {isa = PBXFileReference; lastKnownFileType = sourcecode.c.objc; path = PurchaseRequest.m; sourceTree = "<group>"; };
		03085BD9243B04B90072783F /* Leader.h */ = {isa = PBXFileReference; lastKnownFileType = sourcecode.c.h; path = Leader.h; sourceTree = "<group>"; };
		03085BDA243B04B90072783F /* Leader.m */ = {isa = PBXFileReference; lastKnownFileType = sourcecode.c.objc; path = Leader.m; sourceTree = "<group>"; };
		03085BDC243B050C0072783F /* TeamLeader.h */ = {isa = PBXFileReference; lastKnownFileType = sourcecode.c.h; path = TeamLeader.h; sourceTree = "<group>"; };
		03085BDD243B050C0072783F /* TeamLeader.m */ = {isa = PBXFileReference; lastKnownFileType = sourcecode.c.objc; path = TeamLeader.m; sourceTree = "<group>"; };
		03085BDF243B05250072783F /* DeparmentManager.h */ = {isa = PBXFileReference; lastKnownFileType = sourcecode.c.h; path = DeparmentManager.h; sourceTree = "<group>"; };
		03085BE0243B05250072783F /* DeparmentManager.m */ = {isa = PBXFileReference; lastKnownFileType = sourcecode.c.objc; path = DeparmentManager.m; sourceTree = "<group>"; };
		03085BE2243B053A0072783F /* CTO.h */ = {isa = PBXFileReference; lastKnownFileType = sourcecode.c.h; path = CTO.h; sourceTree = "<group>"; };
		03085BE3243B053A0072783F /* CTO.m */ = {isa = PBXFileReference; lastKnownFileType = sourcecode.c.objc; path = CTO.m; sourceTree = "<group>"; };
/* End PBXFileReference section */

/* Begin PBXFrameworksBuildPhase section */
		03085BB6243B04450072783F /* Frameworks */ = {
			isa = PBXFrameworksBuildPhase;
			buildActionMask = 2147483647;
			files = (
			);
			runOnlyForDeploymentPostprocessing = 0;
		};
/* End PBXFrameworksBuildPhase section */

/* Begin PBXGroup section */
		03085BB0243B04450072783F = {
			isa = PBXGroup;
			children = (
				03085BBB243B04450072783F /* ChainOfResponsibilityPattern */,
				03085BBA243B04450072783F /* Products */,
			);
			sourceTree = "<group>";
		};
		03085BBA243B04450072783F /* Products */ = {
			isa = PBXGroup;
			children = (
				03085BB9243B04450072783F /* ChainOfResponsibilityPattern.app */,
			);
			name = Products;
			sourceTree = "<group>";
		};
		03085BBB243B04450072783F /* ChainOfResponsibilityPattern */ = {
			isa = PBXGroup;
			children = (
				03085BD5243B044F0072783F /* Classes */,
				03085BBC243B04450072783F /* AppDelegate.h */,
				03085BBD243B04450072783F /* AppDelegate.m */,
				03085BBF243B04450072783F /* SceneDelegate.h */,
				03085BC0243B04450072783F /* SceneDelegate.m */,
				03085BC2243B04450072783F /* ViewController.h */,
				03085BC3243B04450072783F /* ViewController.m */,
				03085BC5243B04450072783F /* Main.storyboard */,
				03085BC8243B04460072783F /* Assets.xcassets */,
				03085BCA243B04460072783F /* LaunchScreen.storyboard */,
				03085BCD243B04460072783F /* Info.plist */,
				03085BCE243B04460072783F /* main.m */,
			);
			path = ChainOfResponsibilityPattern;
			sourceTree = "<group>";
		};
		03085BD5243B044F0072783F /* Classes */ = {
			isa = PBXGroup;
			children = (
				03085BD6243B04890072783F /* PurchaseRequest.h */,
				03085BD7243B04890072783F /* PurchaseRequest.m */,
				03085BD9243B04B90072783F /* Leader.h */,
				03085BDA243B04B90072783F /* Leader.m */,
				03085BDC243B050C0072783F /* TeamLeader.h */,
				03085BDD243B050C0072783F /* TeamLeader.m */,
				03085BDF243B05250072783F /* DeparmentManager.h */,
				03085BE0243B05250072783F /* DeparmentManager.m */,
				03085BE2243B053A0072783F /* CTO.h */,
				03085BE3243B053A0072783F /* CTO.m */,
			);
			path = Classes;
			sourceTree = "<group>";
		};
/* End PBXGroup section */

/* Begin PBXNativeTarget section */
		03085BB8243B04450072783F /* ChainOfResponsibilityPattern */ = {
			isa = PBXNativeTarget;
			buildConfigurationList = 03085BD2243B04460072783F /* Build configuration list for PBXNativeTarget "ChainOfResponsibilityPattern" */;
			buildPhases = (
				03085BB5243B04450072783F /* Sources */,
				03085BB6243B04450072783F /* Frameworks */,
				03085BB7243B04450072783F /* Resources */,
			);
			buildRules = (
			);
			dependencies = (
			);
			name = ChainOfResponsibilityPattern;
			productName = ChainOfResponsibilityPattern;
			productReference = 03085BB9243B04450072783F /* ChainOfResponsibilityPattern.app */;
			productType = "com.apple.product-type.application";
		};
/* End PBXNativeTarget section */

/* Begin PBXProject section */
		03085BB1243B04450072783F /* Project object */ = {
			isa = PBXProject;
			attributes = {
				LastUpgradeCheck = 1110;
				ORGANIZATIONNAME = songShaoPeng;
				TargetAttributes = {
					03085BB8243B04450072783F = {
						CreatedOnToolsVersion = 11.1;
					};
				};
			};
			buildConfigurationList = 03085BB4243B04450072783F /* Build configuration list for PBXProject "ChainOfResponsibilityPattern" */;
			compatibilityVersion = "Xcode 9.3";
			developmentRegion = en;
			hasScannedForEncodings = 0;
			knownRegions = (
				en,
				Base,
			);
			mainGroup = 03085BB0243B04450072783F;
			productRefGroup = 03085BBA243B04450072783F /* Products */;
			projectDirPath = "";
			projectRoot = "";
			targets = (
				03085BB8243B04450072783F /* ChainOfResponsibilityPattern */,
			);
		};
/* End PBXProject section */

/* Begin PBXResourcesBuildPhase section */
		03085BB7243B04450072783F /* Resources */ = {
			isa = PBXResourcesBuildPhase;
			buildActionMask = 2147483647;
			files = (
				03085BCC243B04460072783F /* LaunchScreen.storyboard in Resources */,
				03085BC9243B04460072783F /* Assets.xcassets in Resources */,
				03085BC7243B04450072783F /* Main.storyboard in Resources */,
			);
			runOnlyForDeploymentPostprocessing = 0;
		};
/* End PBXResourcesBuildPhase section */

/* Begin PBXSourcesBuildPhase section */
		03085BB5243B04450072783F /* Sources */ = {
			isa = PBXSourcesBuildPhase;
			buildActionMask = 2147483647;
			files = (
				03085BE1243B05250072783F /* DeparmentManager.m in Sources */,
				03085BC4243B04450072783F /* ViewController.m in Sources */,
				03085BDE243B050C0072783F /* TeamLeader.m in Sources */,
				03085BE4243B053A0072783F /* CTO.m in Sources */,
				03085BD8243B04890072783F /* PurchaseRequest.m in Sources */,
				03085BBE243B04450072783F /* AppDelegate.m in Sources */,
				03085BCF243B04460072783F /* main.m in Sources */,
				03085BDB243B04B90072783F /* Leader.m in Sources */,
				03085BC1243B04450072783F /* SceneDelegate.m in Sources */,
			);
			runOnlyForDeploymentPostprocessing = 0;
		};
/* End PBXSourcesBuildPhase section */

/* Begin PBXVariantGroup section */
		03085BC5243B04450072783F /* Main.storyboard */ = {
			isa = PBXVariantGroup;
			children = (
				03085BC6243B04450072783F /* Base */,
			);
			name = Main.storyboard;
			sourceTree = "<group>";
		};
		03085BCA243B04460072783F /* LaunchScreen.storyboard */ = {
			isa = PBXVariantGroup;
			children = (
				03085BCB243B04460072783F /* Base */,
			);
			name = LaunchScreen.storyboard;
			sourceTree = "<group>";
		};
/* End PBXVariantGroup section */

/* Begin XCBuildConfiguration section */
		03085BD0243B04460072783F /* Debug */ = {
			isa = XCBuildConfiguration;
			buildSettings = {
				ALWAYS_SEARCH_USER_PATHS = NO;
				CLANG_ANALYZER_NONNULL = YES;
				CLANG_ANALYZER_NUMBER_OBJECT_CONVERSION = YES_AGGRESSIVE;
				CLANG_CXX_LANGUAGE_STANDARD = "gnu++14";
				CLANG_CXX_LIBRARY = "libc++";
				CLANG_ENABLE_MODULES = YES;
				CLANG_ENABLE_OBJC_ARC = YES;
				CLANG_ENABLE_OBJC_WEAK = YES;
				CLANG_WARN_BLOCK_CAPTURE_AUTORELEASING = YES;
				CLANG_WARN_BOOL_CONVERSION = YES;
				CLANG_WARN_COMMA = YES;
				CLANG_WARN_CONSTANT_CONVERSION = YES;
				CLANG_WARN_DEPRECATED_OBJC_IMPLEMENTATIONS = YES;
				CLANG_WARN_DIRECT_OBJC_ISA_USAGE = YES_ERROR;
				CLANG_WARN_DOCUMENTATION_COMMENTS = YES;
				CLANG_WARN_EMPTY_BODY = YES;
				CLANG_WARN_ENUM_CONVERSION = YES;
				CLANG_WARN_INFINITE_RECURSION = YES;
				CLANG_WARN_INT_CONVERSION = YES;
				CLANG_WARN_NON_LITERAL_NULL_CONVERSION = YES;
				CLANG_WARN_OBJC_IMPLICIT_RETAIN_SELF = YES;
				CLANG_WARN_OBJC_LITERAL_CONVERSION = YES;
				CLANG_WARN_OBJC_ROOT_CLASS = YES_ERROR;
				CLANG_WARN_RANGE_LOOP_ANALYSIS = YES;
				CLANG_WARN_STRICT_PROTOTYPES = YES;
				CLANG_WARN_SUSPICIOUS_MOVE = YES;
				CLANG_WARN_UNGUARDED_AVAILABILITY = YES_AGGRESSIVE;
				CLANG_WARN_UNREACHABLE_CODE = YES;
				CLANG_WARN__DUPLICATE_METHOD_MATCH = YES;
				COPY_PHASE_STRIP = NO;
				DEBUG_INFORMATION_FORMAT = dwarf;
				ENABLE_STRICT_OBJC_MSGSEND = YES;
				ENABLE_TESTABILITY = YES;
				GCC_C_LANGUAGE_STANDARD = gnu11;
				GCC_DYNAMIC_NO_PIC = NO;
				GCC_NO_COMMON_BLOCKS = YES;
				GCC_OPTIMIZATION_LEVEL = 0;
				GCC_PREPROCESSOR_DEFINITIONS = (
					"DEBUG=1",
					"$(inherited)",
				);
				GCC_WARN_64_TO_32_BIT_CONVERSION = YES;
				GCC_WARN_ABOUT_RETURN_TYPE = YES_ERROR;
				GCC_WARN_UNDECLARED_SELECTOR = YES;
				GCC_WARN_UNINITIALIZED_AUTOS = YES_AGGRESSIVE;
				GCC_WARN_UNUSED_FUNCTION = YES;
				GCC_WARN_UNUSED_VARIABLE = YES;
				IPHONEOS_DEPLOYMENT_TARGET = 13.1;
				MTL_ENABLE_DEBUG_INFO = INCLUDE_SOURCE;
				MTL_FAST_MATH = YES;
				ONLY_ACTIVE_ARCH = YES;
				SDKROOT = iphoneos;
			};
			name = Debug;
		};
		03085BD1243B04460072783F /* Release */ = {
			isa = XCBuildConfiguration;
			buildSettings = {
				ALWAYS_SEARCH_USER_PATHS = NO;
				CLANG_ANALYZER_NONNULL = YES;
				CLANG_ANALYZER_NUMBER_OBJECT_CONVERSION = YES_AGGRESSIVE;
				CLANG_CXX_LANGUAGE_STANDARD = "gnu++14";
				CLANG_CXX_LIBRARY = "libc++";
				CLANG_ENABLE_MODULES = YES;
				CLANG_ENABLE_OBJC_ARC = YES;
				CLANG_ENABLE_OBJC_WEAK = YES;
				CLANG_WARN_BLOCK_CAPTURE_AUTORELEASING = YES;
				CLANG_WARN_BOOL_CONVERSION = YES;
				CLANG_WARN_COMMA = YES;
				CLANG_WARN_CONSTANT_CONVERSION = YES;
				CLANG_WARN_DEPRECATED_OBJC_IMPLEMENTATIONS = YES;
				CLANG_WARN_DIRECT_OBJC_ISA_USAGE = YES_ERROR;
				CLANG_WARN_DOCUMENTATION_COMMENTS = YES;
				CLANG_WARN_EMPTY_BODY = YES;
				CLANG_WARN_ENUM_CONVERSION = YES;
				CLANG_WARN_INFINITE_RECURSION = YES;
				CLANG_WARN_INT_CONVERSION = YES;
				CLANG_WARN_NON_LITERAL_NULL_CONVERSION = YES;
				CLANG_WARN_OBJC_IMPLICIT_RETAIN_SELF = YES;
				CLANG_WARN_OBJC_LITERAL_CONVERSION = YES;
				CLANG_WARN_OBJC_ROOT_CLASS = YES_ERROR;
				CLANG_WARN_RANGE_LOOP_ANALYSIS = YES;
				CLANG_WARN_STRICT_PROTOTYPES = YES;
				CLANG_WARN_SUSPICIOUS_MOVE = YES;
				CLANG_WARN_UNGUARDED_AVAILABILITY = YES_AGGRESSIVE;
				CLANG_WARN_UNREACHABLE_CODE = YES;
				CLANG_WARN__DUPLICATE_METHOD_MATCH = YES;
				COPY_PHASE_STRIP = NO;
				DEBUG_INFORMATION_FORMAT = "dwarf-with-dsym";
				ENABLE_NS_ASSERTIONS = NO;
				ENABLE_STRICT_OBJC_MSGSEND = YES;
				GCC_C_LANGUAGE_STANDARD = gnu11;
				GCC_NO_COMMON_BLOCKS = YES;
				GCC_WARN_64_TO_32_BIT_CONVERSION = YES;
				GCC_WARN_ABOUT_RETURN_TYPE = YES_ERROR;
				GCC_WARN_UNDECLARED_SELECTOR = YES;
				GCC_WARN_UNINITIALIZED_AUTOS = YES_AGGRESSIVE;
				GCC_WARN_UNUSED_FUNCTION = YES;
				GCC_WARN_UNUSED_VARIABLE = YES;
				IPHONEOS_DEPLOYMENT_TARGET = 13.1;
				MTL_ENABLE_DEBUG_INFO = NO;
				MTL_FAST_MATH = YES;
				SDKROOT = iphoneos;
				VALIDATE_PRODUCT = YES;
			};
			name = Release;
		};
		03085BD3243B04460072783F /* Debug */ = {
			isa = XCBuildConfiguration;
			buildSettings = {
				ASSETCATALOG_COMPILER_APPICON_NAME = AppIcon;
				CODE_SIGN_STYLE = Automatic;
				INFOPLIST_FILE = ChainOfResponsibilityPattern/Info.plist;
				LD_RUNPATH_SEARCH_PATHS = (
					"$(inherited)",
					"@executable_path/Frameworks",
				);
				PRODUCT_BUNDLE_IDENTIFIER = song.ChainOfResponsibilityPattern;
				PRODUCT_NAME = "$(TARGET_NAME)";
				TARGETED_DEVICE_FAMILY = "1,2";
			};
			name = Debug;
		};
		03085BD4243B04460072783F /* Release */ = {
			isa = XCBuildConfiguration;
			buildSettings = {
				ASSETCATALOG_COMPILER_APPICON_NAME = AppIcon;
				CODE_SIGN_STYLE = Automatic;
				INFOPLIST_FILE = ChainOfResponsibilityPattern/Info.plist;
				LD_RUNPATH_SEARCH_PATHS = (
					"$(inherited)",
					"@executable_path/Frameworks",
				);
				PRODUCT_BUNDLE_IDENTIFIER = song.ChainOfResponsibilityPattern;
				PRODUCT_NAME = "$(TARGET_NAME)";
				TARGETED_DEVICE_FAMILY = "1,2";
			};
			name = Release;
		};
/* End XCBuildConfiguration section */

/* Begin XCConfigurationList section */
		03085BB4243B04450072783F /* Build configuration list for PBXProject "ChainOfResponsibilityPattern" */ = {
			isa = XCConfigurationList;
			buildConfigurations = (
				03085BD0243B04460072783F /* Debug */,
				03085BD1243B04460072783F /* Release */,
			);
			defaultConfigurationIsVisible = 0;
			defaultConfigurationName = Release;
		};
		03085BD2243B04460072783F /* Build configuration list for PBXNativeTarget "ChainOfResponsibilityPattern" */ = {
			isa = XCConfigurationList;
			buildConfigurations = (
				03085BD3243B04460072783F /* Debug */,
				03085BD4243B04460072783F /* Release */,
			);
			defaultConfigurationIsVisible = 0;
			defaultConfigurationName = Release;
		};
/* End XCConfigurationList section */
	};
	rootObject = 03085BB1243B04450072783F /* Project object */;
}
