// !$*UTF8*$!
{
	archiveVersion = 1;
	classes = {
	};
	objectVersion = 50;
	objects = {

/* Begin PBXBuildFile section */
		03085C97243B130E0072783F /* AppDelegate.m in Sources */ = {isa = PBXBuildFile; fileRef = 03085C96243B130E0072783F /* AppDelegate.m */; };
		03085C9A243B130E0072783F /* SceneDelegate.m in Sources */ = {isa = PBXBuildFile; fileRef = 03085C99243B130E0072783F /* SceneDelegate.m */; };
		03085C9D243B130E0072783F /* ViewController.m in Sources */ = {isa = PBXBuildFile; fileRef = 03085C9C243B130E0072783F /* ViewController.m */; };
		03085CA0243B130E0072783F /* Main.storyboard in Resources */ = {isa = PBXBuildFile; fileRef = 03085C9E243B130E0072783F /* Main.storyboard */; };
		03085CA2243B130E0072783F /* Assets.xcassets in Resources */ = {isa = PBXBuildFile; fileRef = 03085CA1243B130E0072783F /* Assets.xcassets */; };
		03085CA5243B130E0072783F /* LaunchScreen.storyboard in Resources */ = {isa = PBXBuildFile; fileRef = 03085CA3243B130E0072783F /* LaunchScreen.storyboard */; };
		03085CA8243B130E0072783F /* main.m in Sources */ = {isa = PBXBuildFile; fileRef = 03085CA7243B130E0072783F /* main.m */; };
		03085CB1243B13420072783F /* Mediator.m in Sources */ = {isa = PBXBuildFile; fileRef = 03085CB0243B13420072783F /* Mediator.m */; };
		03085CB4243B13790072783F /* Colleague.m in Sources */ = {isa = PBXBuildFile; fileRef = 03085CB3243B13790072783F /* Colleague.m */; };
		03085CB7243B13F30072783F /* ConcreteMediator.m in Sources */ = {isa = PBXBuildFile; fileRef = 03085CB6243B13F30072783F /* ConcreteMediator.m */; };
		03085CBA243B14800072783F /* ZhangSan.m in Sources */ = {isa = PBXBuildFile; fileRef = 03085CB9243B14800072783F /* ZhangSan.m */; };
		03085CBD243B15A20072783F /* LiSi.m in Sources */ = {isa = PBXBuildFile; fileRef = 03085CBC243B15A20072783F /* LiSi.m */; };
		03085CC0243B15BC0072783F /* WangWu.m in Sources */ = {isa = PBXBuildFile; fileRef = 03085CBF243B15BC0072783F /* WangWu.m */; };
/* End PBXBuildFile section */

/* Begin PBXFileReference section */
		03085C92243B130E0072783F /* MediatorPattern.app */ = {isa = PBXFileReference; explicitFileType = wrapper.application; includeInIndex = 0; path = MediatorPattern.app; sourceTree = BUILT_PRODUCTS_DIR; };
		03085C95243B130E0072783F /* AppDelegate.h */ = {isa = PBXFileReference; lastKnownFileType = sourcecode.c.h; path = AppDelegate.h; sourceTree = "<group>"; };
		03085C96243B130E0072783F /* AppDelegate.m */ = {isa = PBXFileReference; lastKnownFileType = sourcecode.c.objc; path = AppDelegate.m; sourceTree = "<group>"; };
		03085C98243B130E0072783F /* SceneDelegate.h */ = {isa = PBXFileReference; lastKnownFileType = sourcecode.c.h; path = SceneDelegate.h; sourceTree = "<group>"; };
		03085C99243B130E0072783F /* SceneDelegate.m */ = {isa = PBXFileReference; lastKnownFileType = sourcecode.c.objc; path = SceneDelegate.m; sourceTree = "<group>"; };
		03085C9B243B130E0072783F /* ViewController.h */ = {isa = PBXFileReference; lastKnownFileType = sourcecode.c.h; path = ViewController.h; sourceTree = "<group>"; };
		03085C9C243B130E0072783F /* ViewController.m */ = {isa = PBXFileReference; lastKnownFileType = sourcecode.c.objc; path = ViewController.m; sourceTree = "<group>"; };
		03085C9F243B130E0072783F /* Base */ = {isa = PBXFileReference; lastKnownFileType = file.storyboard; name = Base; path = Base.lproj/Main.storyboard; sourceTree = "<group>"; };
		03085CA1243B130E0072783F /* Assets.xcassets */ = {isa = PBXFileReference; lastKnownFileType = folder.assetcatalog; path = Assets.xcassets; sourceTree = "<group>"; };
		03085CA4243B130E0072783F /* Base */ = {isa = PBXFileReference; lastKnownFileType = file.storyboard; name = Base; path = Base.lproj/LaunchScreen.storyboard; sourceTree = "<group>"; };
		03085CA6243B130E0072783F /* Info.plist */ = {isa = PBXFileReference; lastKnownFileType = text.plist.xml; path = Info.plist; sourceTree = "<group>"; };
		03085CA7243B130E0072783F /* main.m */ = {isa = PBXFileReference; lastKnownFileType = sourcecode.c.objc; path = main.m; sourceTree = "<group>"; };
		03085CAF243B13420072783F /* Mediator.h */ = {isa = PBXFileReference; lastKnownFileType = sourcecode.c.h; path = Mediator.h; sourceTree = "<group>"; };
		03085CB0243B13420072783F /* Mediator.m */ = {isa = PBXFileReference; lastKnownFileType = sourcecode.c.objc; path = Mediator.m; sourceTree = "<group>"; };
		03085CB2243B13790072783F /* Colleague.h */ = {isa = PBXFileReference; lastKnownFileType = sourcecode.c.h; path = Colleague.h; sourceTree = "<group>"; };
		03085CB3243B13790072783F /* Colleague.m */ = {isa = PBXFileReference; lastKnownFileType = sourcecode.c.objc; path = Colleague.m; sourceTree = "<group>"; };
		03085CB5243B13F30072783F /* ConcreteMediator.h */ = {isa = PBXFileReference; lastKnownFileType = sourcecode.c.h; path = ConcreteMediator.h; sourceTree = "<group>"; };
		03085CB6243B13F30072783F /* ConcreteMediator.m */ = {isa = PBXFileReference; lastKnownFileType = sourcecode.c.objc; path = ConcreteMediator.m; sourceTree = "<group>"; };
		03085CB8243B14800072783F /* ZhangSan.h */ = {isa = PBXFileReference; lastKnownFileType = sourcecode.c.h; path = ZhangSan.h; sourceTree = "<group>"; };
		03085CB9243B14800072783F /* ZhangSan.m */ = {isa = PBXFileReference; lastKnownFileType = sourcecode.c.objc; path = ZhangSan.m; sourceTree = "<group>"; };
		03085CBB243B15A20072783F /* LiSi.h */ = {isa = PBXFileReference; lastKnownFileType = sourcecode.c.h; path = LiSi.h; sourceTree = "<group>"; };
		03085CBC243B15A20072783F /* LiSi.m */ = {isa = PBXFileReference; lastKnownFileType = sourcecode.c.objc; path = LiSi.m; sourceTree = "<group>"; };
		03085CBE243B15BC0072783F /* WangWu.h */ = {isa = PBXFileReference; lastKnownFileType = sourcecode.c.h; path = WangWu.h; sourceTree = "<group>"; };
		03085CBF243B15BC0072783F /* WangWu.m */ = {isa = PBXFileReference; lastKnownFileType = sourcecode.c.objc; path = WangWu.m; sourceTree = "<group>"; };
/* End PBXFileReference section */

/* Begin PBXFrameworksBuildPhase section */
		03085C8F243B130E0072783F /* Frameworks */ = {
			isa = PBXFrameworksBuildPhase;
			buildActionMask = 2147483647;
			files = (
			);
			runOnlyForDeploymentPostprocessing = 0;
		};
/* End PBXFrameworksBuildPhase section */

/* Begin PBXGroup section */
		03085C89243B130E0072783F = {
			isa = PBXGroup;
			children = (
				03085C94243B130E0072783F /* MediatorPattern */,
				03085C93243B130E0072783F /* Products */,
			);
			sourceTree = "<group>";
		};
		03085C93243B130E0072783F /* Products */ = {
			isa = PBXGroup;
			children = (
				03085C92243B130E0072783F /* MediatorPattern.app */,
			);
			name = Products;
			sourceTree = "<group>";
		};
		03085C94243B130E0072783F /* MediatorPattern */ = {
			isa = PBXGroup;
			children = (
				03085CAE243B13170072783F /* Classes */,
				03085C95243B130E0072783F /* AppDelegate.h */,
				03085C96243B130E0072783F /* AppDelegate.m */,
				03085C98243B130E0072783F /* SceneDelegate.h */,
				03085C99243B130E0072783F /* SceneDelegate.m */,
				03085C9B243B130E0072783F /* ViewController.h */,
				03085C9C243B130E0072783F /* ViewController.m */,
				03085C9E243B130E0072783F /* Main.storyboard */,
				03085CA1243B130E0072783F /* Assets.xcassets */,
				03085CA3243B130E0072783F /* LaunchScreen.storyboard */,
				03085CA6243B130E0072783F /* Info.plist */,
				03085CA7243B130E0072783F /* main.m */,
			);
			path = MediatorPattern;
			sourceTree = "<group>";
		};
		03085CAE243B13170072783F /* Classes */ = {
			isa = PBXGroup;
			children = (
				03085CAF243B13420072783F /* Mediator.h */,
				03085CB0243B13420072783F /* Mediator.m */,
				03085CB5243B13F30072783F /* ConcreteMediator.h */,
				03085CB6243B13F30072783F /* ConcreteMediator.m */,
				03085CB2243B13790072783F /* Colleague.h */,
				03085CB3243B13790072783F /* Colleague.m */,
				03085CB8243B14800072783F /* ZhangSan.h */,
				03085CB9243B14800072783F /* ZhangSan.m */,
				03085CBB243B15A20072783F /* LiSi.h */,
				03085CBC243B15A20072783F /* LiSi.m */,
				03085CBE243B15BC0072783F /* WangWu.h */,
				03085CBF243B15BC0072783F /* WangWu.m */,
			);
			path = Classes;
			sourceTree = "<group>";
		};
/* End PBXGroup section */

/* Begin PBXNativeTarget section */
		03085C91243B130E0072783F /* MediatorPattern */ = {
			isa = PBXNativeTarget;
			buildConfigurationList = 03085CAB243B130E0072783F /* Build configuration list for PBXNativeTarget "MediatorPattern" */;
			buildPhases = (
				03085C8E243B130E0072783F /* Sources */,
				03085C8F243B130E0072783F /* Frameworks */,
				03085C90243B130E0072783F /* Resources */,
			);
			buildRules = (
			);
			dependencies = (
			);
			name = MediatorPattern;
			productName = MediatorPattern;
			productReference = 03085C92243B130E0072783F /* MediatorPattern.app */;
			productType = "com.apple.product-type.application";
		};
/* End PBXNativeTarget section */

/* Begin PBXProject section */
		03085C8A243B130E0072783F /* Project object */ = {
			isa = PBXProject;
			attributes = {
				LastUpgradeCheck = 1110;
				ORGANIZATIONNAME = songShaoPeng;
				TargetAttributes = {
					03085C91243B130E0072783F = {
						CreatedOnToolsVersion = 11.1;
					};
				};
			};
			buildConfigurationList = 03085C8D243B130E0072783F /* Build configuration list for PBXProject "MediatorPattern" */;
			compatibilityVersion = "Xcode 9.3";
			developmentRegion = en;
			hasScannedForEncodings = 0;
			knownRegions = (
				en,
				Base,
			);
			mainGroup = 03085C89243B130E0072783F;
			productRefGroup = 03085C93243B130E0072783F /* Products */;
			projectDirPath = "";
			projectRoot = "";
			targets = (
				03085C91243B130E0072783F /* MediatorPattern */,
			);
		};
/* End PBXProject section */

/* Begin PBXResourcesBuildPhase section */
		03085C90243B130E0072783F /* Resources */ = {
			isa = PBXResourcesBuildPhase;
			buildActionMask = 2147483647;
			files = (
				03085CA5243B130E0072783F /* LaunchScreen.storyboard in Resources */,
				03085CA2243B130E0072783F /* Assets.xcassets in Resources */,
				03085CA0243B130E0072783F /* Main.storyboard in Resources */,
			);
			runOnlyForDeploymentPostprocessing = 0;
		};
/* End PBXResourcesBuildPhase section */

/* Begin PBXSourcesBuildPhase section */
		03085C8E243B130E0072783F /* Sources */ = {
			isa = PBXSourcesBuildPhase;
			buildActionMask = 2147483647;
			files = (
				03085CB1243B13420072783F /* Mediator.m in Sources */,
				03085C9D243B130E0072783F /* ViewController.m in Sources */,
				03085C97243B130E0072783F /* AppDelegate.m in Sources */,
				03085CBD243B15A20072783F /* LiSi.m in Sources */,
				03085CC0243B15BC0072783F /* WangWu.m in Sources */,
				03085CB7243B13F30072783F /* ConcreteMediator.m in Sources */,
				03085CB4243B13790072783F /* Colleague.m in Sources */,
				03085CA8243B130E0072783F /* main.m in Sources */,
				03085C9A243B130E0072783F /* SceneDelegate.m in Sources */,
				03085CBA243B14800072783F /* ZhangSan.m in Sources */,
			);
			runOnlyForDeploymentPostprocessing = 0;
		};
/* End PBXSourcesBuildPhase section */

/* Begin PBXVariantGroup section */
		03085C9E243B130E0072783F /* Main.storyboard */ = {
			isa = PBXVariantGroup;
			children = (
				03085C9F243B130E0072783F /* Base */,
			);
			name = Main.storyboard;
			sourceTree = "<group>";
		};
		03085CA3243B130E0072783F /* LaunchScreen.storyboard */ = {
			isa = PBXVariantGroup;
			children = (
				03085CA4243B130E0072783F /* Base */,
			);
			name = LaunchScreen.storyboard;
			sourceTree = "<group>";
		};
/* End PBXVariantGroup section */

/* Begin XCBuildConfiguration section */
		03085CA9243B130E0072783F /* Debug */ = {
			isa = XCBuildConfiguration;
			buildSettings = {
				ALWAYS_SEARCH_USER_PATHS = NO;
				CLANG_ANALYZER_NONNULL = YES;
				CLANG_ANALYZER_NUMBER_OBJECT_CONVERSION = YES_AGGRESSIVE;
				CLANG_CXX_LANGUAGE_STANDARD = "gnu++14";
				CLANG_CXX_LIBRARY = "libc++";
				CLANG_ENABLE_MODULES = YES;
				CLANG_ENABLE_OBJC_ARC = YES;
				CLANG_ENABLE_OBJC_WEAK = YES;
				CLANG_WARN_BLOCK_CAPTURE_AUTORELEASING = YES;
				CLANG_WARN_BOOL_CONVERSION = YES;
				CLANG_WARN_COMMA = YES;
				CLANG_WARN_CONSTANT_CONVERSION = YES;
				CLANG_WARN_DEPRECATED_OBJC_IMPLEMENTATIONS = YES;
				CLANG_WARN_DIRECT_OBJC_ISA_USAGE = YES_ERROR;
				CLANG_WARN_DOCUMENTATION_COMMENTS = YES;
				CLANG_WARN_EMPTY_BODY = YES;
				CLANG_WARN_ENUM_CONVERSION = YES;
				CLANG_WARN_INFINITE_RECURSION = YES;
				CLANG_WARN_INT_CONVERSION = YES;
				CLANG_WARN_NON_LITERAL_NULL_CONVERSION = YES;
				CLANG_WARN_OBJC_IMPLICIT_RETAIN_SELF = YES;
				CLANG_WARN_OBJC_LITERAL_CONVERSION = YES;
				CLANG_WARN_OBJC_ROOT_CLASS = YES_ERROR;
				CLANG_WARN_RANGE_LOOP_ANALYSIS = YES;
				CLANG_WARN_STRICT_PROTOTYPES = YES;
				CLANG_WARN_SUSPICIOUS_MOVE = YES;
				CLANG_WARN_UNGUARDED_AVAILABILITY = YES_AGGRESSIVE;
				CLANG_WARN_UNREACHABLE_CODE = YES;
				CLANG_WARN__DUPLICATE_METHOD_MATCH = YES;
				COPY_PHASE_STRIP = NO;
				DEBUG_INFORMATION_FORMAT = dwarf;
				ENABLE_STRICT_OBJC_MSGSEND = YES;
				ENABLE_TESTABILITY = YES;
				GCC_C_LANGUAGE_STANDARD = gnu11;
				GCC_DYNAMIC_NO_PIC = NO;
				GCC_NO_COMMON_BLOCKS = YES;
				GCC_OPTIMIZATION_LEVEL = 0;
				GCC_PREPROCESSOR_DEFINITIONS = (
					"DEBUG=1",
					"$(inherited)",
				);
				GCC_WARN_64_TO_32_BIT_CONVERSION = YES;
				GCC_WARN_ABOUT_RETURN_TYPE = YES_ERROR;
				GCC_WARN_UNDECLARED_SELECTOR = YES;
				GCC_WARN_UNINITIALIZED_AUTOS = YES_AGGRESSIVE;
				GCC_WARN_UNUSED_FUNCTION = YES;
				GCC_WARN_UNUSED_VARIABLE = YES;
				IPHONEOS_DEPLOYMENT_TARGET = 13.1;
				MTL_ENABLE_DEBUG_INFO = INCLUDE_SOURCE;
				MTL_FAST_MATH = YES;
				ONLY_ACTIVE_ARCH = YES;
				SDKROOT = iphoneos;
			};
			name = Debug;
		};
		03085CAA243B130E0072783F /* Release */ = {
			isa = XCBuildConfiguration;
			buildSettings = {
				ALWAYS_SEARCH_USER_PATHS = NO;
				CLANG_ANALYZER_NONNULL = YES;
				CLANG_ANALYZER_NUMBER_OBJECT_CONVERSION = YES_AGGRESSIVE;
				CLANG_CXX_LANGUAGE_STANDARD = "gnu++14";
				CLANG_CXX_LIBRARY = "libc++";
				CLANG_ENABLE_MODULES = YES;
				CLANG_ENABLE_OBJC_ARC = YES;
				CLANG_ENABLE_OBJC_WEAK = YES;
				CLANG_WARN_BLOCK_CAPTURE_AUTORELEASING = YES;
				CLANG_WARN_BOOL_CONVERSION = YES;
				CLANG_WARN_COMMA = YES;
				CLANG_WARN_CONSTANT_CONVERSION = YES;
				CLANG_WARN_DEPRECATED_OBJC_IMPLEMENTATIONS = YES;
				CLANG_WARN_DIRECT_OBJC_ISA_USAGE = YES_ERROR;
				CLANG_WARN_DOCUMENTATION_COMMENTS = YES;
				CLANG_WARN_EMPTY_BODY = YES;
				CLANG_WARN_ENUM_CONVERSION = YES;
				CLANG_WARN_INFINITE_RECURSION = YES;
				CLANG_WARN_INT_CONVERSION = YES;
				CLANG_WARN_NON_LITERAL_NULL_CONVERSION = YES;
				CLANG_WARN_OBJC_IMPLICIT_RETAIN_SELF = YES;
				CLANG_WARN_OBJC_LITERAL_CONVERSION = YES;
				CLANG_WARN_OBJC_ROOT_CLASS = YES_ERROR;
				CLANG_WARN_RANGE_LOOP_ANALYSIS = YES;
				CLANG_WARN_STRICT_PROTOTYPES = YES;
				CLANG_WARN_SUSPICIOUS_MOVE = YES;
				CLANG_WARN_UNGUARDED_AVAILABILITY = YES_AGGRESSIVE;
				CLANG_WARN_UNREACHABLE_CODE = YES;
				CLANG_WARN__DUPLICATE_METHOD_MATCH = YES;
				COPY_PHASE_STRIP = NO;
				DEBUG_INFORMATION_FORMAT = "dwarf-with-dsym";
				ENABLE_NS_ASSERTIONS = NO;
				ENABLE_STRICT_OBJC_MSGSEND = YES;
				GCC_C_LANGUAGE_STANDARD = gnu11;
				GCC_NO_COMMON_BLOCKS = YES;
				GCC_WARN_64_TO_32_BIT_CONVERSION = YES;
				GCC_WARN_ABOUT_RETURN_TYPE = YES_ERROR;
				GCC_WARN_UNDECLARED_SELECTOR = YES;
				GCC_WARN_UNINITIALIZED_AUTOS = YES_AGGRESSIVE;
				GCC_WARN_UNUSED_FUNCTION = YES;
				GCC_WARN_UNUSED_VARIABLE = YES;
				IPHONEOS_DEPLOYMENT_TARGET = 13.1;
				MTL_ENABLE_DEBUG_INFO = NO;
				MTL_FAST_MATH = YES;
				SDKROOT = iphoneos;
				VALIDATE_PRODUCT = YES;
			};
			name = Release;
		};
		03085CAC243B130E0072783F /* Debug */ = {
			isa = XCBuildConfiguration;
			buildSettings = {
				ASSETCATALOG_COMPILER_APPICON_NAME = AppIcon;
				CODE_SIGN_STYLE = Automatic;
				INFOPLIST_FILE = MediatorPattern/Info.plist;
				LD_RUNPATH_SEARCH_PATHS = (
					"$(inherited)",
					"@executable_path/Frameworks",
				);
				PRODUCT_BUNDLE_IDENTIFIER = song.MediatorPattern;
				PRODUCT_NAME = "$(TARGET_NAME)";
				TARGETED_DEVICE_FAMILY = "1,2";
			};
			name = Debug;
		};
		03085CAD243B130E0072783F /* Release */ = {
			isa = XCBuildConfiguration;
			buildSettings = {
				ASSETCATALOG_COMPILER_APPICON_NAME = AppIcon;
				CODE_SIGN_STYLE = Automatic;
				INFOPLIST_FILE = MediatorPattern/Info.plist;
				LD_RUNPATH_SEARCH_PATHS = (
					"$(inherited)",
					"@executable_path/Frameworks",
				);
				PRODUCT_BUNDLE_IDENTIFIER = song.MediatorPattern;
				PRODUCT_NAME = "$(TARGET_NAME)";
				TARGETED_DEVICE_FAMILY = "1,2";
			};
			name = Release;
		};
/* End XCBuildConfiguration section */

/* Begin XCConfigurationList section */
		03085C8D243B130E0072783F /* Build configuration list for PBXProject "MediatorPattern" */ = {
			isa = XCConfigurationList;
			buildConfigurations = (
				03085CA9243B130E0072783F /* Debug */,
				03085CAA243B130E0072783F /* Release */,
			);
			defaultConfigurationIsVisible = 0;
			defaultConfigurationName = Release;
		};
		03085CAB243B130E0072783F /* Build configuration list for PBXNativeTarget "MediatorPattern" */ = {
			isa = XCConfigurationList;
			buildConfigurations = (
				03085CAC243B130E0072783F /* Debug */,
				03085CAD243B130E0072783F /* Release */,
			);
			defaultConfigurationIsVisible = 0;
			defaultConfigurationName = Release;
		};
/* End XCConfigurationList section */
	};
	rootObject = 03085C8A243B130E0072783F /* Project object */;
}
